
Microsoft Visual Studio Solution File, Format Version 12.00
# Visual Studio 15
VisualStudioVersion = 15.0.28307.1062
MinimumVisualStudioVersion = 10.0.40219.1
Project("{FAE04EC0-301F-11D3-BF4B-00C04F79EFBC}") = "BlogAPI", "BlogAPI\BlogAPI.csproj", "{A27EEFFF-902A-458E-AA1E-13D64537B72F}"
EndProject
Global
	GlobalSection(SolutionConfigurationPlatforms) = preSolution
		Debug|Any CPU = Debug|Any CPU
		Release|Any CPU = Release|Any CPU
	EndGlobalSection
	GlobalSection(ProjectConfigurationPlatforms) = postSolution
		{A27EEFFF-902A-458E-AA1E-13D64537B72F}.Debug|Any CPU.ActiveCfg = Debug|Any CPU
		{A27EEFFF-902A-458E-AA1E-13D64537B72F}.Debug|Any CPU.Build.0 = Debug|Any CPU
		{A27EEFFF-902A-458E-AA1E-13D64537B72F}.Release|Any CPU.ActiveCfg = Release|Any CPU
		{A27EEFFF-902A-458E-AA1E-13D64537B72F}.Release|Any CPU.Build.0 = Release|Any CPU
	EndGlobalSection
	GlobalSection(SolutionProperties) = preSolution
		HideSolutionNode = FALSE
	EndGlobalSection
	GlobalSection(ExtensibilityGlobals) = postSolution
		SolutionGuid = {46371A6C-D7DC-40FE-A38E-F0DB38066570}
	EndGlobalSection
EndGlobal
